
Microsoft Visual Studio Solution File, Format Version 12.00
# Visual Studio 2017
Project("{FAE04EC0-301F-11D3-BF4B-00C04F79EFBC}") = "ShootingRange", "ShootingRange.csproj", "{9BCE7299-9FA8-9F72-FB02-72B8E585DE5C}"
EndProject
Project("{FAE04EC0-301F-11D3-BF4B-00C04F79EFBC}") = "ShootingRange.Editor", "ShootingRange.Editor.csproj", "{56C41173-3A81-4070-95CC-0F5472BAF258}"
EndProject
Global
	GlobalSection(SolutionConfigurationPlatforms) = preSolution
		Debug|Any CPU = Debug|Any CPU
		Release|Any CPU = Release|Any CPU
	EndGlobalSection
	GlobalSection(ProjectConfigurationPlatforms) = postSolution
		{9BCE7299-9FA8-9F72-FB02-72B8E585DE5C}.Debug|Any CPU.ActiveCfg = Debug|Any CPU
		{9BCE7299-9FA8-9F72-FB02-72B8E585DE5C}.Debug|Any CPU.Build.0 = Debug|Any CPU
		{9BCE7299-9FA8-9F72-FB02-72B8E585DE5C}.Release|Any CPU.ActiveCfg = Release|Any CPU
		{9BCE7299-9FA8-9F72-FB02-72B8E585DE5C}.Release|Any CPU.Build.0 = Release|Any CPU
		{56C41173-3A81-4070-95CC-0F5472BAF258}.Debug|Any CPU.ActiveCfg = Debug|Any CPU
		{56C41173-3A81-4070-95CC-0F5472BAF258}.Debug|Any CPU.Build.0 = Debug|Any CPU
		{56C41173-3A81-4070-95CC-0F5472BAF258}.Release|Any CPU.ActiveCfg = Release|Any CPU
		{56C41173-3A81-4070-95CC-0F5472BAF258}.Release|Any CPU.Build.0 = Release|Any CPU
	EndGlobalSection
	GlobalSection(SolutionProperties) = preSolution
		HideSolutionNode = FALSE
	EndGlobalSection
EndGlobal
